
Microsoft Visual Studio Solution File, Format Version 12.00
# Visual Studio Version 17
VisualStudioVersion = 17.10.35004.147
MinimumVisualStudioVersion = 10.0.40219.1
Project("{2150E333-8FDC-42A3-9474-1A3956D46DE8}") = "src", "src", "{16ADFAB2-2234-42E2-BDDE-AB8C5A64F1B1}"
EndProject
Project("{2150E333-8FDC-42A3-9474-1A3956D46DE8}") = "tests", "tests", "{470401B8-76C0-4686-A8FE-B98E460526C5}"
EndProject
Project("{2150E333-8FDC-42A3-9474-1A3956D46DE8}") = "Core", "Core", "{B9AB5365-6DA8-4BA2-8AEC-F75624B92745}"
EndProject
Project("{2150E333-8FDC-42A3-9474-1A3956D46DE8}") = "Api", "Api", "{5CD7CBD8-E143-46D2-9476-1EBA873776D7}"
EndProject
Project("{2150E333-8FDC-42A3-9474-1A3956D46DE8}") = "Infrastructure", "Infrastructure", "{E4F8EC22-75B4-43D0-BDCE-31BA382D2774}"
EndProject
Project("{2150E333-8FDC-42A3-9474-1A3956D46DE8}") = "Common", "Common", "{4043815B-44A8-4CFD-BAA9-3806DE8610F2}"
EndProject
Project("{9A19103F-16F7-4668-BE54-9A1E7A4F7556}") = "Euronext.WeatherForecastApp.WebApi", "src\Euronext.WeatherForecastApp.WebApi\Euronext.WeatherForecastApp.WebApi.csproj", "{ED2EFAB6-89FC-4EE8-9D4F-C7D34C867A4E}"
EndProject
Project("{9A19103F-16F7-4668-BE54-9A1E7A4F7556}") = "Euronext.WeatherForecastApp.Common", "src\Euronext.WeatherForecastApp.Common\Euronext.WeatherForecastApp.Common.csproj", "{27243F27-9B8E-4DAD-B4F6-AF62CC94A467}"
EndProject
Project("{9A19103F-16F7-4668-BE54-9A1E7A4F7556}") = "Euronext.WeatherForecastApp.Application", "src\Euronext.WeatherForecastApp.Application\Euronext.WeatherForecastApp.Application.csproj", "{6D1C8CC6-64A8-4D22-BC08-548ABBCB8DB1}"
EndProject
Project("{9A19103F-16F7-4668-BE54-9A1E7A4F7556}") = "Euronext.WeatherForecastApp.Domain", "src\Euronext.WeatherForecastApp.Domain\Euronext.WeatherForecastApp.Domain.csproj", "{89F24A51-E177-4E7C-A7A7-E111FCB951E2}"
EndProject
Project("{9A19103F-16F7-4668-BE54-9A1E7A4F7556}") = "Euronext.WeatherForecastApp.Infrastructure", "src\Euronext.WeatherForecastApp.Infrastructure\Euronext.WeatherForecastApp.Infrastructure.csproj", "{6639A6FB-68DC-4F2A-AE2D-68F1579192A9}"
EndProject
Project("{FAE04EC0-301F-11D3-BF4B-00C04F79EFBC}") = "Euronext.WeatherForecastApp.Common.Tests", "tests\Euronext.WeatherForecastApp.Common\Euronext.WeatherForecastApp.Common.Tests.csproj", "{2B2A83FD-8FA1-4881-89CF-8D53E2EE1EBF}"
EndProject
Project("{FAE04EC0-301F-11D3-BF4B-00C04F79EFBC}") = "Euronext.WeatherForecastApp.Application.Tests", "tests\Euronext.WeatherForecastApp.Application.Tests\Euronext.WeatherForecastApp.Application.Tests.csproj", "{B422FAA4-42F1-429C-9435-A139BABB1849}"
EndProject
Project("{FAE04EC0-301F-11D3-BF4B-00C04F79EFBC}") = "Euronext.WeatherForecastApp.Domain.Tests", "tests\Euronext.WeatherForecastApp.Domain.Tests\Euronext.WeatherForecastApp.Domain.Tests.csproj", "{B583C7E2-9DFE-4525-8D50-D02E08839758}"
EndProject
Project("{FAE04EC0-301F-11D3-BF4B-00C04F79EFBC}") = "Euronext.WeatherForecastApp.Infrastructure.Tests", "tests\Euronext.WeatherForecastApp.Infrastructure.Tests\Euronext.WeatherForecastApp.Infrastructure.Tests.csproj", "{EBBFC5E7-8848-4FDC-87E3-D2E4A8DE13AD}"
EndProject
Project("{FAE04EC0-301F-11D3-BF4B-00C04F79EFBC}") = "Euronext.WeatherForecastApp.WebApi.Tests", "tests\Euronext.WeatherForecastApp.WebApi\Euronext.WeatherForecastApp.WebApi.Tests.csproj", "{AE6F806E-AE08-451F-A71B-187DDB457C73}"
EndProject
Global
	GlobalSection(SolutionConfigurationPlatforms) = preSolution
		Debug|Any CPU = Debug|Any CPU
		Release|Any CPU = Release|Any CPU
	EndGlobalSection
	GlobalSection(ProjectConfigurationPlatforms) = postSolution
		{ED2EFAB6-89FC-4EE8-9D4F-C7D34C867A4E}.Debug|Any CPU.ActiveCfg = Debug|Any CPU
		{ED2EFAB6-89FC-4EE8-9D4F-C7D34C867A4E}.Debug|Any CPU.Build.0 = Debug|Any CPU
		{ED2EFAB6-89FC-4EE8-9D4F-C7D34C867A4E}.Release|Any CPU.ActiveCfg = Release|Any CPU
		{ED2EFAB6-89FC-4EE8-9D4F-C7D34C867A4E}.Release|Any CPU.Build.0 = Release|Any CPU
		{27243F27-9B8E-4DAD-B4F6-AF62CC94A467}.Debug|Any CPU.ActiveCfg = Debug|Any CPU
		{27243F27-9B8E-4DAD-B4F6-AF62CC94A467}.Debug|Any CPU.Build.0 = Debug|Any CPU
		{27243F27-9B8E-4DAD-B4F6-AF62CC94A467}.Release|Any CPU.ActiveCfg = Release|Any CPU
		{27243F27-9B8E-4DAD-B4F6-AF62CC94A467}.Release|Any CPU.Build.0 = Release|Any CPU
		{6D1C8CC6-64A8-4D22-BC08-548ABBCB8DB1}.Debug|Any CPU.ActiveCfg = Debug|Any CPU
		{6D1C8CC6-64A8-4D22-BC08-548ABBCB8DB1}.Debug|Any CPU.Build.0 = Debug|Any CPU
		{6D1C8CC6-64A8-4D22-BC08-548ABBCB8DB1}.Release|Any CPU.ActiveCfg = Release|Any CPU
		{6D1C8CC6-64A8-4D22-BC08-548ABBCB8DB1}.Release|Any CPU.Build.0 = Release|Any CPU
		{89F24A51-E177-4E7C-A7A7-E111FCB951E2}.Debug|Any CPU.ActiveCfg = Debug|Any CPU
		{89F24A51-E177-4E7C-A7A7-E111FCB951E2}.Debug|Any CPU.Build.0 = Debug|Any CPU
		{89F24A51-E177-4E7C-A7A7-E111FCB951E2}.Release|Any CPU.ActiveCfg = Release|Any CPU
		{89F24A51-E177-4E7C-A7A7-E111FCB951E2}.Release|Any CPU.Build.0 = Release|Any CPU
		{6639A6FB-68DC-4F2A-AE2D-68F1579192A9}.Debug|Any CPU.ActiveCfg = Debug|Any CPU
		{6639A6FB-68DC-4F2A-AE2D-68F1579192A9}.Debug|Any CPU.Build.0 = Debug|Any CPU
		{6639A6FB-68DC-4F2A-AE2D-68F1579192A9}.Release|Any CPU.ActiveCfg = Release|Any CPU
		{6639A6FB-68DC-4F2A-AE2D-68F1579192A9}.Release|Any CPU.Build.0 = Release|Any CPU
		{2B2A83FD-8FA1-4881-89CF-8D53E2EE1EBF}.Debug|Any CPU.ActiveCfg = Debug|Any CPU
		{2B2A83FD-8FA1-4881-89CF-8D53E2EE1EBF}.Debug|Any CPU.Build.0 = Debug|Any CPU
		{2B2A83FD-8FA1-4881-89CF-8D53E2EE1EBF}.Release|Any CPU.ActiveCfg = Release|Any CPU
		{2B2A83FD-8FA1-4881-89CF-8D53E2EE1EBF}.Release|Any CPU.Build.0 = Release|Any CPU
		{B422FAA4-42F1-429C-9435-A139BABB1849}.Debug|Any CPU.ActiveCfg = Debug|Any CPU
		{B422FAA4-42F1-429C-9435-A139BABB1849}.Debug|Any CPU.Build.0 = Debug|Any CPU
		{B422FAA4-42F1-429C-9435-A139BABB1849}.Release|Any CPU.ActiveCfg = Release|Any CPU
		{B422FAA4-42F1-429C-9435-A139BABB1849}.Release|Any CPU.Build.0 = Release|Any CPU
		{B583C7E2-9DFE-4525-8D50-D02E08839758}.Debug|Any CPU.ActiveCfg = Debug|Any CPU
		{B583C7E2-9DFE-4525-8D50-D02E08839758}.Debug|Any CPU.Build.0 = Debug|Any CPU
		{B583C7E2-9DFE-4525-8D50-D02E08839758}.Release|Any CPU.ActiveCfg = Release|Any CPU
		{B583C7E2-9DFE-4525-8D50-D02E08839758}.Release|Any CPU.Build.0 = Release|Any CPU
		{EBBFC5E7-8848-4FDC-87E3-D2E4A8DE13AD}.Debug|Any CPU.ActiveCfg = Debug|Any CPU
		{EBBFC5E7-8848-4FDC-87E3-D2E4A8DE13AD}.Debug|Any CPU.Build.0 = Debug|Any CPU
		{EBBFC5E7-8848-4FDC-87E3-D2E4A8DE13AD}.Release|Any CPU.ActiveCfg = Release|Any CPU
		{EBBFC5E7-8848-4FDC-87E3-D2E4A8DE13AD}.Release|Any CPU.Build.0 = Release|Any CPU
		{AE6F806E-AE08-451F-A71B-187DDB457C73}.Debug|Any CPU.ActiveCfg = Debug|Any CPU
		{AE6F806E-AE08-451F-A71B-187DDB457C73}.Debug|Any CPU.Build.0 = Debug|Any CPU
		{AE6F806E-AE08-451F-A71B-187DDB457C73}.Release|Any CPU.ActiveCfg = Release|Any CPU
		{AE6F806E-AE08-451F-A71B-187DDB457C73}.Release|Any CPU.Build.0 = Release|Any CPU
	EndGlobalSection
	GlobalSection(SolutionProperties) = preSolution
		HideSolutionNode = FALSE
	EndGlobalSection
	GlobalSection(NestedProjects) = preSolution
		{B9AB5365-6DA8-4BA2-8AEC-F75624B92745} = {16ADFAB2-2234-42E2-BDDE-AB8C5A64F1B1}
		{5CD7CBD8-E143-46D2-9476-1EBA873776D7} = {16ADFAB2-2234-42E2-BDDE-AB8C5A64F1B1}
		{E4F8EC22-75B4-43D0-BDCE-31BA382D2774} = {16ADFAB2-2234-42E2-BDDE-AB8C5A64F1B1}
		{4043815B-44A8-4CFD-BAA9-3806DE8610F2} = {16ADFAB2-2234-42E2-BDDE-AB8C5A64F1B1}
		{ED2EFAB6-89FC-4EE8-9D4F-C7D34C867A4E} = {5CD7CBD8-E143-46D2-9476-1EBA873776D7}
		{27243F27-9B8E-4DAD-B4F6-AF62CC94A467} = {4043815B-44A8-4CFD-BAA9-3806DE8610F2}
		{6D1C8CC6-64A8-4D22-BC08-548ABBCB8DB1} = {B9AB5365-6DA8-4BA2-8AEC-F75624B92745}
		{89F24A51-E177-4E7C-A7A7-E111FCB951E2} = {B9AB5365-6DA8-4BA2-8AEC-F75624B92745}
		{6639A6FB-68DC-4F2A-AE2D-68F1579192A9} = {E4F8EC22-75B4-43D0-BDCE-31BA382D2774}
		{2B2A83FD-8FA1-4881-89CF-8D53E2EE1EBF} = {470401B8-76C0-4686-A8FE-B98E460526C5}
		{B422FAA4-42F1-429C-9435-A139BABB1849} = {470401B8-76C0-4686-A8FE-B98E460526C5}
		{B583C7E2-9DFE-4525-8D50-D02E08839758} = {470401B8-76C0-4686-A8FE-B98E460526C5}
		{EBBFC5E7-8848-4FDC-87E3-D2E4A8DE13AD} = {470401B8-76C0-4686-A8FE-B98E460526C5}
		{AE6F806E-AE08-451F-A71B-187DDB457C73} = {470401B8-76C0-4686-A8FE-B98E460526C5}
	EndGlobalSection
	GlobalSection(ExtensibilityGlobals) = postSolution
		SolutionGuid = {D0999DBD-9980-4C46-8618-E8042003DA86}
	EndGlobalSection
EndGlobal
